
Microsoft Visual Studio Solution File, Format Version 12.00
# Visual Studio Version 16
VisualStudioVersion = 16.0.29519.87
MinimumVisualStudioVersion = 10.0.40219.1
Project("{FAE04EC0-301F-11D3-BF4B-00C04F79EFBC}") = "HRApplication", "HRApplication\HRApplication.csproj", "{5B0DA0DD-6C94-4999-A660-17E791E7FB02}"
EndProject
Global
	GlobalSection(SolutionConfigurationPlatforms) = preSolution
		Debug|Any CPU = Debug|Any CPU
		Release|Any CPU = Release|Any CPU
	EndGlobalSection
	GlobalSection(ProjectConfigurationPlatforms) = postSolution
		{5B0DA0DD-6C94-4999-A660-17E791E7FB02}.Debug|Any CPU.ActiveCfg = Debug|Any CPU
		{5B0DA0DD-6C94-4999-A660-17E791E7FB02}.Debug|Any CPU.Build.0 = Debug|Any CPU
		{5B0DA0DD-6C94-4999-A660-17E791E7FB02}.Release|Any CPU.ActiveCfg = Release|Any CPU
		{5B0DA0DD-6C94-4999-A660-17E791E7FB02}.Release|Any CPU.Build.0 = Release|Any CPU
	EndGlobalSection
	GlobalSection(SolutionProperties) = preSolution
		HideSolutionNode = FALSE
	EndGlobalSection
	GlobalSection(ExtensibilityGlobals) = postSolution
		SolutionGuid = {9DC0E954-D5F8-48FB-8362-7CC2691E32C8}
	EndGlobalSection
EndGlobal
